// !$*UTF8*$!
{
	archiveVersion = 1;
	classes = {
	};
	objectVersion = 48;
	objects = {

/* Begin PBXBuildFile section */
		E6246A7020600C0000837DAC /* AppDelegate.swift in Sources */ = {isa = PBXBuildFile; fileRef = E6246A6F20600C0000837DAC /* AppDelegate.swift */; };
		E6246A7220600C0000837DAC /* ViewController.swift in Sources */ = {isa = PBXBuildFile; fileRef = E6246A7120600C0000837DAC /* ViewController.swift */; };
		E6246A7520600C0000837DAC /* Main.storyboard in Resources */ = {isa = PBXBuildFile; fileRef = E6246A7320600C0000837DAC /* Main.storyboard */; };
		E6246A7820600C0000837DAC /* hottie.xcdatamodeld in Sources */ = {isa = PBXBuildFile; fileRef = E6246A7620600C0000837DAC /* hottie.xcdatamodeld */; };
		E6246A7A20600C0000837DAC /* Assets.xcassets in Resources */ = {isa = PBXBuildFile; fileRef = E6246A7920600C0000837DAC /* Assets.xcassets */; };
		E6246A7D20600C0000837DAC /* LaunchScreen.storyboard in Resources */ = {isa = PBXBuildFile; fileRef = E6246A7B20600C0000837DAC /* LaunchScreen.storyboard */; };
/* End PBXBuildFile section */

/* Begin PBXFileReference section */
		E6246A6C20600C0000837DAC /* hottie.app */ = {isa = PBXFileReference; explicitFileType = wrapper.application; includeInIndex = 0; path = hottie.app; sourceTree = BUILT_PRODUCTS_DIR; };
		E6246A6F20600C0000837DAC /* AppDelegate.swift */ = {isa = PBXFileReference; lastKnownFileType = sourcecode.swift; path = AppDelegate.swift; sourceTree = "<group>"; };
		E6246A7120600C0000837DAC /* ViewController.swift */ = {isa = PBXFileReference; lastKnownFileType = sourcecode.swift; path = ViewController.swift; sourceTree = "<group>"; };
		E6246A7420600C0000837DAC /* Base */ = {isa = PBXFileReference; lastKnownFileType = file.storyboard; name = Base; path = Base.lproj/Main.storyboard; sourceTree = "<group>"; };
		E6246A7720600C0000837DAC /* hottie.xcdatamodel */ = {isa = PBXFileReference; lastKnownFileType = wrapper.xcdatamodel; path = hottie.xcdatamodel; sourceTree = "<group>"; };
		E6246A7920600C0000837DAC /* Assets.xcassets */ = {isa = PBXFileReference; lastKnownFileType = folder.assetcatalog; path = Assets.xcassets; sourceTree = "<group>"; };
		E6246A7C20600C0000837DAC /* Base */ = {isa = PBXFileReference; lastKnownFileType = file.storyboard; name = Base; path = Base.lproj/LaunchScreen.storyboard; sourceTree = "<group>"; };
		E6246A7E20600C0000837DAC /* Info.plist */ = {isa = PBXFileReference; lastKnownFileType = text.plist.xml; path = Info.plist; sourceTree = "<group>"; };
/* End PBXFileReference section */

/* Begin PBXFrameworksBuildPhase section */
		E6246A6920600C0000837DAC /* Frameworks */ = {
			isa = PBXFrameworksBuildPhase;
			buildActionMask = 2147483647;
			files = (
			);
			runOnlyForDeploymentPostprocessing = 0;
		};
/* End PBXFrameworksBuildPhase section */

/* Begin PBXGroup section */
		E6246A6320600C0000837DAC = {
			isa = PBXGroup;
			children = (
				E6246A6E20600C0000837DAC /* hottie */,
				E6246A6D20600C0000837DAC /* Products */,
			);
			sourceTree = "<group>";
		};
		E6246A6D20600C0000837DAC /* Products */ = {
			isa = PBXGroup;
			children = (
				E6246A6C20600C0000837DAC /* hottie.app */,
			);
			name = Products;
			sourceTree = "<group>";
		};
		E6246A6E20600C0000837DAC /* hottie */ = {
			isa = PBXGroup;
			children = (
				E6246A6F20600C0000837DAC /* AppDelegate.swift */,
				E6246A7120600C0000837DAC /* ViewController.swift */,
				E6246A7320600C0000837DAC /* Main.storyboard */,
				E6246A7920600C0000837DAC /* Assets.xcassets */,
				E6246A7B20600C0000837DAC /* LaunchScreen.storyboard */,
				E6246A7E20600C0000837DAC /* Info.plist */,
				E6246A7620600C0000837DAC /* hottie.xcdatamodeld */,
			);
			path = hottie;
			sourceTree = "<group>";
		};
/* End PBXGroup section */

/* Begin PBXNativeTarget section */
		E6246A6B20600C0000837DAC /* hottie */ = {
			isa = PBXNativeTarget;
			buildConfigurationList = E6246A8120600C0000837DAC /* Build configuration list for PBXNativeTarget "hottie" */;
			buildPhases = (
				E6246A6820600C0000837DAC /* Sources */,
				E6246A6920600C0000837DAC /* Frameworks */,
				E6246A6A20600C0000837DAC /* Resources */,
			);
			buildRules = (
			);
			dependencies = (
			);
			name = hottie;
			productName = hottie;
			productReference = E6246A6C20600C0000837DAC /* hottie.app */;
			productType = "com.apple.product-type.application";
		};
/* End PBXNativeTarget section */

/* Begin PBXProject section */
		E6246A6420600C0000837DAC /* Project object */ = {
			isa = PBXProject;
			attributes = {
				LastSwiftUpdateCheck = 0920;
				LastUpgradeCheck = 0920;
				ORGANIZATIONNAME = Louro;
				TargetAttributes = {
					E6246A6B20600C0000837DAC = {
						CreatedOnToolsVersion = 9.2;
						ProvisioningStyle = Automatic;
					};
				};
			};
			buildConfigurationList = E6246A6720600C0000837DAC /* Build configuration list for PBXProject "hottie" */;
			compatibilityVersion = "Xcode 8.0";
			developmentRegion = en;
			hasScannedForEncodings = 0;
			knownRegions = (
				en,
				Base,
			);
			mainGroup = E6246A6320600C0000837DAC;
			productRefGroup = E6246A6D20600C0000837DAC /* Products */;
			projectDirPath = "";
			projectRoot = "";
			targets = (
				E6246A6B20600C0000837DAC /* hottie */,
			);
		};
/* End PBXProject section */

/* Begin PBXResourcesBuildPhase section */
		E6246A6A20600C0000837DAC /* Resources */ = {
			isa = PBXResourcesBuildPhase;
			buildActionMask = 2147483647;
			files = (
				E6246A7D20600C0000837DAC /* LaunchScreen.storyboard in Resources */,
				E6246A7A20600C0000837DAC /* Assets.xcassets in Resources */,
				E6246A7520600C0000837DAC /* Main.storyboard in Resources */,
			);
			runOnlyForDeploymentPostprocessing = 0;
		};
/* End PBXResourcesBuildPhase section */

/* Begin PBXSourcesBuildPhase section */
		E6246A6820600C0000837DAC /* Sources */ = {
			isa = PBXSourcesBuildPhase;
			buildActionMask = 2147483647;
			files = (
				E6246A7820600C0000837DAC /* hottie.xcdatamodeld in Sources */,
				E6246A7220600C0000837DAC /* ViewController.swift in Sources */,
				E6246A7020600C0000837DAC /* AppDelegate.swift in Sources */,
			);
			runOnlyForDeploymentPostprocessing = 0;
		};
/* End PBXSourcesBuildPhase section */

/* Begin PBXVariantGroup section */
		E6246A7320600C0000837DAC /* Main.storyboard */ = {
			isa = PBXVariantGroup;
			children = (
				E6246A7420600C0000837DAC /* Base */,
			);
			name = Main.storyboard;
			sourceTree = "<group>";
		};
		E6246A7B20600C0000837DAC /* LaunchScreen.storyboard */ = {
			isa = PBXVariantGroup;
			children = (
				E6246A7C20600C0000837DAC /* Base */,
			);
			name = LaunchScreen.storyboard;
			sourceTree = "<group>";
		};
/* End PBXVariantGroup section */

/* Begin XCBuildConfiguration section */
		E6246A7F20600C0000837DAC /* Debug */ = {
			isa = XCBuildConfiguration;
			buildSettings = {
				ALWAYS_SEARCH_USER_PATHS = NO;
				CLANG_ANALYZER_NONNULL = YES;
				CLANG_ANALYZER_NUMBER_OBJECT_CONVERSION = YES_AGGRESSIVE;
				CLANG_CXX_LANGUAGE_STANDARD = "gnu++14";
				CLANG_CXX_LIBRARY = "libc++";
				CLANG_ENABLE_MODULES = YES;
				CLANG_ENABLE_OBJC_ARC = YES;
				CLANG_WARN_BLOCK_CAPTURE_AUTORELEASING = YES;
				CLANG_WARN_BOOL_CONVERSION = YES;
				CLANG_WARN_COMMA = YES;
				CLANG_WARN_CONSTANT_CONVERSION = YES;
				CLANG_WARN_DIRECT_OBJC_ISA_USAGE = YES_ERROR;
				CLANG_WARN_DOCUMENTATION_COMMENTS = YES;
				CLANG_WARN_EMPTY_BODY = YES;
				CLANG_WARN_ENUM_CONVERSION = YES;
				CLANG_WARN_INFINITE_RECURSION = YES;
				CLANG_WARN_INT_CONVERSION = YES;
				CLANG_WARN_NON_LITERAL_NULL_CONVERSION = YES;
				CLANG_WARN_OBJC_LITERAL_CONVERSION = YES;
				CLANG_WARN_OBJC_ROOT_CLASS = YES_ERROR;
				CLANG_WARN_RANGE_LOOP_ANALYSIS = YES;
				CLANG_WARN_STRICT_PROTOTYPES = YES;
				CLANG_WARN_SUSPICIOUS_MOVE = YES;
				CLANG_WARN_UNGUARDED_AVAILABILITY = YES_AGGRESSIVE;
				CLANG_WARN_UNREACHABLE_CODE = YES;
				CLANG_WARN__DUPLICATE_METHOD_MATCH = YES;
				CODE_SIGN_IDENTITY = "iPhone Developer";
				COPY_PHASE_STRIP = NO;
				DEBUG_INFORMATION_FORMAT = dwarf;
				ENABLE_STRICT_OBJC_MSGSEND = YES;
				ENABLE_TESTABILITY = YES;
				GCC_C_LANGUAGE_STANDARD = gnu11;
				GCC_DYNAMIC_NO_PIC = NO;
				GCC_NO_COMMON_BLOCKS = YES;
				GCC_OPTIMIZATION_LEVEL = 0;
				GCC_PREPROCESSOR_DEFINITIONS = (
					"DEBUG=1",
					"$(inherited)",
				);
				GCC_WARN_64_TO_32_BIT_CONVERSION = YES;
				GCC_WARN_ABOUT_RETURN_TYPE = YES_ERROR;
				GCC_WARN_UNDECLARED_SELECTOR = YES;
				GCC_WARN_UNINITIALIZED_AUTOS = YES_AGGRESSIVE;
				GCC_WARN_UNUSED_FUNCTION = YES;
				GCC_WARN_UNUSED_VARIABLE = YES;
				IPHONEOS_DEPLOYMENT_TARGET = 11.2;
				MTL_ENABLE_DEBUG_INFO = YES;
				ONLY_ACTIVE_ARCH = YES;
				SDKROOT = iphoneos;
				SWIFT_ACTIVE_COMPILATION_CONDITIONS = DEBUG;
				SWIFT_OPTIMIZATION_LEVEL = "-Onone";
			};
			name = Debug;
		};
		E6246A8020600C0000837DAC /* Release */ = {
			isa = XCBuildConfiguration;
			buildSettings = {
				ALWAYS_SEARCH_USER_PATHS = NO;
				CLANG_ANALYZER_NONNULL = YES;
				CLANG_ANALYZER_NUMBER_OBJECT_CONVERSION = YES_AGGRESSIVE;
				CLANG_CXX_LANGUAGE_STANDARD = "gnu++14";
				CLANG_CXX_LIBRARY = "libc++";
				CLANG_ENABLE_MODULES = YES;
				CLANG_ENABLE_OBJC_ARC = YES;
				CLANG_WARN_BLOCK_CAPTURE_AUTORELEASING = YES;
				CLANG_WARN_BOOL_CONVERSION = YES;
				CLANG_WARN_COMMA = YES;
				CLANG_WARN_CONSTANT_CONVERSION = YES;
				CLANG_WARN_DIRECT_OBJC_ISA_USAGE = YES_ERROR;
				CLANG_WARN_DOCUMENTATION_COMMENTS = YES;
				CLANG_WARN_EMPTY_BODY = YES;
				CLANG_WARN_ENUM_CONVERSION = YES;
				CLANG_WARN_INFINITE_RECURSION = YES;
				CLANG_WARN_INT_CONVERSION = YES;
				CLANG_WARN_NON_LITERAL_NULL_CONVERSION = YES;
				CLANG_WARN_OBJC_LITERAL_CONVERSION = YES;
				CLANG_WARN_OBJC_ROOT_CLASS = YES_ERROR;
				CLANG_WARN_RANGE_LOOP_ANALYSIS = YES;
				CLANG_WARN_STRICT_PROTOTYPES = YES;
				CLANG_WARN_SUSPICIOUS_MOVE = YES;
				CLANG_WARN_UNGUARDED_AVAILABILITY = YES_AGGRESSIVE;
				CLANG_WARN_UNREACHABLE_CODE = YES;
				CLANG_WARN__DUPLICATE_METHOD_MATCH = YES;
				CODE_SIGN_IDENTITY = "iPhone Developer";
				COPY_PHASE_STRIP = NO;
				DEBUG_INFORMATION_FORMAT = "dwarf-with-dsym";
				ENABLE_NS_ASSERTIONS = NO;
				ENABLE_STRICT_OBJC_MSGSEND = YES;
				GCC_C_LANGUAGE_STANDARD = gnu11;
				GCC_NO_COMMON_BLOCKS = YES;
				GCC_WARN_64_TO_32_BIT_CONVERSION = YES;
				GCC_WARN_ABOUT_RETURN_TYPE = YES_ERROR;
				GCC_WARN_UNDECLARED_SELECTOR = YES;
				GCC_WARN_UNINITIALIZED_AUTOS = YES_AGGRESSIVE;
				GCC_WARN_UNUSED_FUNCTION = YES;
				GCC_WARN_UNUSED_VARIABLE = YES;
				IPHONEOS_DEPLOYMENT_TARGET = 11.2;
				MTL_ENABLE_DEBUG_INFO = NO;
				SDKROOT = iphoneos;
				SWIFT_OPTIMIZATION_LEVEL = "-Owholemodule";
				VALIDATE_PRODUCT = YES;
			};
			name = Release;
		};
		E6246A8220600C0000837DAC /* Debug */ = {
			isa = XCBuildConfiguration;
			buildSettings = {
				ASSETCATALOG_COMPILER_APPICON_NAME = AppIcon;
				CODE_SIGN_STYLE = Automatic;
				DEVELOPMENT_TEAM = 6P4Y4YVV3G;
				INFOPLIST_FILE = hottie/Info.plist;
				LD_RUNPATH_SEARCH_PATHS = "$(inherited) @executable_path/Frameworks";
				PRODUCT_BUNDLE_IDENTIFIER = com.hospinn.hottie;
				PRODUCT_NAME = "$(TARGET_NAME)";
				SWIFT_VERSION = 4.0;
				TARGETED_DEVICE_FAMILY = "1,2";
			};
			name = Debug;
		};
		E6246A8320600C0000837DAC /* Release */ = {
			isa = XCBuildConfiguration;
			buildSettings = {
				ASSETCATALOG_COMPILER_APPICON_NAME = AppIcon;
				CODE_SIGN_STYLE = Automatic;
				DEVELOPMENT_TEAM = 6P4Y4YVV3G;
				INFOPLIST_FILE = hottie/Info.plist;
				LD_RUNPATH_SEARCH_PATHS = "$(inherited) @executable_path/Frameworks";
				PRODUCT_BUNDLE_IDENTIFIER = com.hospinn.hottie;
				PRODUCT_NAME = "$(TARGET_NAME)";
				SWIFT_VERSION = 4.0;
				TARGETED_DEVICE_FAMILY = "1,2";
			};
			name = Release;
		};
/* End XCBuildConfiguration section */

/* Begin XCConfigurationList section */
		E6246A6720600C0000837DAC /* Build configuration list for PBXProject "hottie" */ = {
			isa = XCConfigurationList;
			buildConfigurations = (
				E6246A7F20600C0000837DAC /* Debug */,
				E6246A8020600C0000837DAC /* Release */,
			);
			defaultConfigurationIsVisible = 0;
			defaultConfigurationName = Release;
		};
		E6246A8120600C0000837DAC /* Build configuration list for PBXNativeTarget "hottie" */ = {
			isa = XCConfigurationList;
			buildConfigurations = (
				E6246A8220600C0000837DAC /* Debug */,
				E6246A8320600C0000837DAC /* Release */,
			);
			defaultConfigurationIsVisible = 0;
			defaultConfigurationName = Release;
		};
/* End XCConfigurationList section */

/* Begin XCVersionGroup section */
		E6246A7620600C0000837DAC /* hottie.xcdatamodeld */ = {
			isa = XCVersionGroup;
			children = (
				E6246A7720600C0000837DAC /* hottie.xcdatamodel */,
			);
			currentVersion = E6246A7720600C0000837DAC /* hottie.xcdatamodel */;
			path = hottie.xcdatamodeld;
			sourceTree = "<group>";
			versionGroupType = wrapper.xcdatamodel;
		};
/* End XCVersionGroup section */
	};
	rootObject = E6246A6420600C0000837DAC /* Project object */;
}
